{
  "name": "noxh",
  "version": "1.0.0",
  "lockfileVersion": 3,
  "requires": true,
  "packages": {
    "": {
      "name": "noxh",
      "version": "1.0.0",
      "dependencies": {
        "header": "^0.1.1"
      }
    },
    "node_modules/header": {
      "version": "0.1.1",
      "resolved": "https://registry.npmjs.org/header/-/header-0.1.1.tgz",
      "integrity": "sha512-UqVUZreZFsYs6LHyVHdLLUJKMVcsp1aAbg4hzvJz1eJ7FzPaVtruHcyQb5xdqe63XleCi6uMIrUyoqmEgpX1OA=="
    }
  }
}
